{
  "name": "career-compass",
  "version": "0.1.0",
  "lockfileVersion": 3,
  "requires": true,
  "packages": {
    "": {
      "name": "career-compass",
      "version": "0.1.0",
      "license": "MIT",
      "workspaces": [
        "packages/shared",
        "packages/api",
        "packages/web",
        "infra"
      ],
      "engines": {
        "node": ">=24.15.0 <25",
        "npm": ">=11.12.1 <12"
      }
    },
    "infra": {
      "name": "@career-compass/infra",
      "version": "0.1.0"
    },
    "node_modules/@career-compass/api": {
      "resolved": "packages/api",
      "link": true
    },
    "node_modules/@career-compass/infra": {
      "resolved": "infra",
      "link": true
    },
    "node_modules/@career-compass/shared": {
      "resolved": "packages/shared",
      "link": true
    },
    "node_modules/@career-compass/web": {
      "resolved": "packages/web",
      "link": true
    },
    "packages/api": {
      "name": "@career-compass/api",
      "version": "0.1.0"
    },
    "packages/shared": {
      "name": "@career-compass/shared",
      "version": "0.1.0"
    },
    "packages/web": {
      "name": "@career-compass/web",
      "version": "0.1.0"
    }
  }
}
